{
  "name": "athenamediaserver-public-api",
  "version": "1.0.0",
  "lockfileVersion": 2,
  "requires": true,
  "packages": {
    "": {
      "name": "athenamediaserver-public-api",
      "version": "1.0.0",
      "dependencies": {
        "itty-router": "^4.0.13"
      },
      "devDependencies": {}
    },
    "node_modules/itty-router": {
      "version": "4.0.13",
      "resolved": "https://registry.npmjs.org/itty-router/-/itty-router-4.0.13.tgz",
      "integrity": "sha512-iiQ9k1nQgaal/MteVft5pwYkvzuZx3idPT9tYpKWl7rKH74tyz5VVSVUCXUO0iBh5HDXjHYsix90UrFKPfThHg=="
    }
  },
  "dependencies": {
    "itty-router": {
      "version": "4.0.13",
      "resolved": "https://registry.npmjs.org/itty-router/-/itty-router-4.0.13.tgz",
      "integrity": "sha512-iiQ9k1nQgaal/MteVft5pwYkvzuZx3idPT9tYpKWl7rKH74tyz5VVSVUCXUO0iBh5HDXjHYsix90UrFKPfThHg=="
    }
  }
}
